
Microsoft Visual Studio Solution File, Format Version 12.00
# Visual Studio 15
VisualStudioVersion = 15.0.27130.2024
MinimumVisualStudioVersion = 10.0.40219.1
Project("{FAE04EC0-301F-11D3-BF4B-00C04F79EFBC}") = "ManagementApplication", "ManagementApplication\ManagementApplication.csproj", "{54D89D43-1565-4381-BE23-614B536E89C8}"
EndProject
Global
	GlobalSection(SolutionConfigurationPlatforms) = preSolution
		Debug|Any CPU = Debug|Any CPU
		Release|Any CPU = Release|Any CPU
	EndGlobalSection
	GlobalSection(ProjectConfigurationPlatforms) = postSolution
		{54D89D43-1565-4381-BE23-614B536E89C8}.Debug|Any CPU.ActiveCfg = Debug|Any CPU
		{54D89D43-1565-4381-BE23-614B536E89C8}.Debug|Any CPU.Build.0 = Debug|Any CPU
		{54D89D43-1565-4381-BE23-614B536E89C8}.Release|Any CPU.ActiveCfg = Release|Any CPU
		{54D89D43-1565-4381-BE23-614B536E89C8}.Release|Any CPU.Build.0 = Release|Any CPU
	EndGlobalSection
	GlobalSection(SolutionProperties) = preSolution
		HideSolutionNode = FALSE
	EndGlobalSection
	GlobalSection(ExtensibilityGlobals) = postSolution
		SolutionGuid = {C7FD86FF-8334-4592-B61A-3E4EAEA2DCB8}
	EndGlobalSection
EndGlobal
