
Microsoft Visual Studio Solution File, Format Version 12.00
# Visual Studio 15
Project("{FAE04EC0-301F-11D3-BF4B-00C04F79EFBC}") = "Prop-MobileApplication", "Assembly-CSharp-firstpass.csproj", "{4F368DE3-DD0F-09FB-7712-459DE6749D1C}"
EndProject
Project("{FAE04EC0-301F-11D3-BF4B-00C04F79EFBC}") = "Prop-MobileApplication", "Assembly-CSharp.csproj", "{9E7400BB-D7B4-D1C7-B6B1-43E47F078A51}"
EndProject
Global
	GlobalSection(SolutionConfigurationPlatforms) = preSolution
		Debug|Any CPU = Debug|Any CPU
		Release|Any CPU = Release|Any CPU
	EndGlobalSection
	GlobalSection(ProjectConfigurationPlatforms) = postSolution
		{4F368DE3-DD0F-09FB-7712-459DE6749D1C}.Debug|Any CPU.ActiveCfg = Debug|Any CPU
		{4F368DE3-DD0F-09FB-7712-459DE6749D1C}.Debug|Any CPU.Build.0 = Debug|Any CPU
		{4F368DE3-DD0F-09FB-7712-459DE6749D1C}.Release|Any CPU.ActiveCfg = Release|Any CPU
		{4F368DE3-DD0F-09FB-7712-459DE6749D1C}.Release|Any CPU.Build.0 = Release|Any CPU
		{9E7400BB-D7B4-D1C7-B6B1-43E47F078A51}.Debug|Any CPU.ActiveCfg = Debug|Any CPU
		{9E7400BB-D7B4-D1C7-B6B1-43E47F078A51}.Debug|Any CPU.Build.0 = Debug|Any CPU
		{9E7400BB-D7B4-D1C7-B6B1-43E47F078A51}.Release|Any CPU.ActiveCfg = Release|Any CPU
		{9E7400BB-D7B4-D1C7-B6B1-43E47F078A51}.Release|Any CPU.Build.0 = Release|Any CPU
	EndGlobalSection
	GlobalSection(SolutionProperties) = preSolution
		HideSolutionNode = FALSE
	EndGlobalSection
EndGlobal
